
Microsoft Visual Studio Solution File, Format Version 12.00
# Visual Studio Version 17
VisualStudioVersion = 17.1.32319.34
MinimumVisualStudioVersion = 10.0.40219.1
Project("{FAE04EC0-301F-11D3-BF4B-00C04F79EFBC}") = "lab4_2", "lab4_2\lab4_2.csproj", "{F2B16FD9-55F1-4483-BB1E-000A5C52B01F}"
EndProject
Global
	GlobalSection(SolutionConfigurationPlatforms) = preSolution
		Debug|Any CPU = Debug|Any CPU
		Release|Any CPU = Release|Any CPU
	EndGlobalSection
	GlobalSection(ProjectConfigurationPlatforms) = postSolution
		{F2B16FD9-55F1-4483-BB1E-000A5C52B01F}.Debug|Any CPU.ActiveCfg = Debug|Any CPU
		{F2B16FD9-55F1-4483-BB1E-000A5C52B01F}.Debug|Any CPU.Build.0 = Debug|Any CPU
		{F2B16FD9-55F1-4483-BB1E-000A5C52B01F}.Release|Any CPU.ActiveCfg = Release|Any CPU
		{F2B16FD9-55F1-4483-BB1E-000A5C52B01F}.Release|Any CPU.Build.0 = Release|Any CPU
	EndGlobalSection
	GlobalSection(SolutionProperties) = preSolution
		HideSolutionNode = FALSE
	EndGlobalSection
	GlobalSection(ExtensibilityGlobals) = postSolution
		SolutionGuid = {D6D59B57-7EED-4C4E-834B-54CDAFA1EC89}
	EndGlobalSection
EndGlobal
